
Microsoft Visual Studio Solution File, Format Version 12.00
# Visual Studio Version 17
VisualStudioVersion = 17.3.32929.385
MinimumVisualStudioVersion = 10.0.40219.1
Project("{FAE04EC0-301F-11D3-BF4B-00C04F79EFBC}") = "Calculator", "Calculator\Calculator.csproj", "{D5C87CEE-BDC3-4836-9A8C-85DDAAC3E174}"
EndProject
Global
	GlobalSection(SolutionConfigurationPlatforms) = preSolution
		Debug|Any CPU = Debug|Any CPU
		Release|Any CPU = Release|Any CPU
	EndGlobalSection
	GlobalSection(ProjectConfigurationPlatforms) = postSolution
		{D5C87CEE-BDC3-4836-9A8C-85DDAAC3E174}.Debug|Any CPU.ActiveCfg = Debug|Any CPU
		{D5C87CEE-BDC3-4836-9A8C-85DDAAC3E174}.Debug|Any CPU.Build.0 = Debug|Any CPU
		{D5C87CEE-BDC3-4836-9A8C-85DDAAC3E174}.Release|Any CPU.ActiveCfg = Release|Any CPU
		{D5C87CEE-BDC3-4836-9A8C-85DDAAC3E174}.Release|Any CPU.Build.0 = Release|Any CPU
	EndGlobalSection
	GlobalSection(SolutionProperties) = preSolution
		HideSolutionNode = FALSE
	EndGlobalSection
	GlobalSection(ExtensibilityGlobals) = postSolution
		SolutionGuid = {FB2E595F-2234-4240-89AD-42ABB85662D9}
	EndGlobalSection
EndGlobal
